
Microsoft Visual Studio Solution File, Format Version 12.00
# Visual Studio Version 17
VisualStudioVersion = 17.10.34928.147
MinimumVisualStudioVersion = 10.0.40219.1
Project("{2150E333-8FDC-42A3-9474-1A3956D46DE8}") = "src", "src", "{CF58278C-A52C-4516-90E8-BAB1588AF34A}"
EndProject
Project("{2150E333-8FDC-42A3-9474-1A3956D46DE8}") = "Backend", "Backend", "{E5E1C34A-B24E-420C-9EB1-271CD116CE3D}"
EndProject
Project("{2150E333-8FDC-42A3-9474-1A3956D46DE8}") = "Frontend", "Frontend", "{51C0BEDE-C506-4CA3-93E6-927AE7FF72F0}"
EndProject
Project("{FAE04EC0-301F-11D3-BF4B-00C04F79EFBC}") = "Backend", "src\Backend\Backend.csproj", "{240A6038-8DF0-453F-8C80-4D4066824226}"
EndProject
Global
	GlobalSection(SolutionConfigurationPlatforms) = preSolution
		Debug|Any CPU = Debug|Any CPU
		Release|Any CPU = Release|Any CPU
	EndGlobalSection
	GlobalSection(ProjectConfigurationPlatforms) = postSolution
		{240A6038-8DF0-453F-8C80-4D4066824226}.Debug|Any CPU.ActiveCfg = Debug|Any CPU
		{240A6038-8DF0-453F-8C80-4D4066824226}.Debug|Any CPU.Build.0 = Debug|Any CPU
		{240A6038-8DF0-453F-8C80-4D4066824226}.Release|Any CPU.ActiveCfg = Release|Any CPU
		{240A6038-8DF0-453F-8C80-4D4066824226}.Release|Any CPU.Build.0 = Release|Any CPU
	EndGlobalSection
	GlobalSection(SolutionProperties) = preSolution
		HideSolutionNode = FALSE
	EndGlobalSection
	GlobalSection(NestedProjects) = preSolution
		{E5E1C34A-B24E-420C-9EB1-271CD116CE3D} = {CF58278C-A52C-4516-90E8-BAB1588AF34A}
		{51C0BEDE-C506-4CA3-93E6-927AE7FF72F0} = {CF58278C-A52C-4516-90E8-BAB1588AF34A}
		{240A6038-8DF0-453F-8C80-4D4066824226} = {E5E1C34A-B24E-420C-9EB1-271CD116CE3D}
	EndGlobalSection
	GlobalSection(ExtensibilityGlobals) = postSolution
		SolutionGuid = {3990A928-53CA-4828-8E6F-93696CB645EB}
	EndGlobalSection
EndGlobal
